
Microsoft Visual Studio Solution File, Format Version 12.00
# Visual Studio Version 17
VisualStudioVersion = 17.6.33801.468
MinimumVisualStudioVersion = 10.0.40219.1
Project("{FAE04EC0-301F-11D3-BF4B-00C04F79EFBC}") = "BobyDesignWeb", "BobyDesignWeb\BobyDesignWeb.csproj", "{94960DBD-7C9B-42C1-8AC3-1F7C230F83B9}"
EndProject
Global
	GlobalSection(SolutionConfigurationPlatforms) = preSolution
		Debug|Any CPU = Debug|Any CPU
		Release|Any CPU = Release|Any CPU
	EndGlobalSection
	GlobalSection(ProjectConfigurationPlatforms) = postSolution
		{94960DBD-7C9B-42C1-8AC3-1F7C230F83B9}.Debug|Any CPU.ActiveCfg = Debug|Any CPU
		{94960DBD-7C9B-42C1-8AC3-1F7C230F83B9}.Debug|Any CPU.Build.0 = Debug|Any CPU
		{94960DBD-7C9B-42C1-8AC3-1F7C230F83B9}.Release|Any CPU.ActiveCfg = Release|Any CPU
		{94960DBD-7C9B-42C1-8AC3-1F7C230F83B9}.Release|Any CPU.Build.0 = Release|Any CPU
	EndGlobalSection
	GlobalSection(SolutionProperties) = preSolution
		HideSolutionNode = FALSE
	EndGlobalSection
	GlobalSection(ExtensibilityGlobals) = postSolution
		SolutionGuid = {ECFBBBB1-2121-459F-A9AD-619027C64091}
	EndGlobalSection
EndGlobal
